// !$*UTF8*$!
{
	archiveVersion = 1;
	classes = {
	};
	objectVersion = 50;
	objects = {

/* Begin PBXBuildFile section */
		2316124B229FFEAA00C3F48E /* Toast.swift in Sources */ = {isa = PBXBuildFile; fileRef = 2316124A229FFEAA00C3F48E /* Toast.swift */; };
		23AD0777229F46FB00B0AFA1 /* AppDelegate.swift in Sources */ = {isa = PBXBuildFile; fileRef = 23AD0776229F46FB00B0AFA1 /* AppDelegate.swift */; };
		23AD0779229F46FB00B0AFA1 /* ViewController.swift in Sources */ = {isa = PBXBuildFile; fileRef = 23AD0778229F46FB00B0AFA1 /* ViewController.swift */; };
		23AD077C229F46FB00B0AFA1 /* Main.storyboard in Resources */ = {isa = PBXBuildFile; fileRef = 23AD077A229F46FB00B0AFA1 /* Main.storyboard */; };
		23AD077E229F46FF00B0AFA1 /* Assets.xcassets in Resources */ = {isa = PBXBuildFile; fileRef = 23AD077D229F46FF00B0AFA1 /* Assets.xcassets */; };
		23AD0781229F46FF00B0AFA1 /* LaunchScreen.storyboard in Resources */ = {isa = PBXBuildFile; fileRef = 23AD077F229F46FF00B0AFA1 /* LaunchScreen.storyboard */; };
		23AD078B229F494600B0AFA1 /* stars.jpg in Resources */ = {isa = PBXBuildFile; fileRef = 23AD078A229F494600B0AFA1 /* stars.jpg */; };
		23AD078E229F4C2500B0AFA1 /* star-wars.png in Resources */ = {isa = PBXBuildFile; fileRef = 23AD078D229F4C2500B0AFA1 /* star-wars.png */; };
		23AD0790229F5E9400B0AFA1 /* KeyboardUtil.swift in Sources */ = {isa = PBXBuildFile; fileRef = 23AD078F229F5E9400B0AFA1 /* KeyboardUtil.swift */; };
/* End PBXBuildFile section */

/* Begin PBXFileReference section */
		2316124A229FFEAA00C3F48E /* Toast.swift */ = {isa = PBXFileReference; lastKnownFileType = sourcecode.swift; path = Toast.swift; sourceTree = "<group>"; };
		23AD0773229F46FB00B0AFA1 /* Star Wars.app */ = {isa = PBXFileReference; explicitFileType = wrapper.application; includeInIndex = 0; path = "Star Wars.app"; sourceTree = BUILT_PRODUCTS_DIR; };
		23AD0776229F46FB00B0AFA1 /* AppDelegate.swift */ = {isa = PBXFileReference; lastKnownFileType = sourcecode.swift; path = AppDelegate.swift; sourceTree = "<group>"; };
		23AD0778229F46FB00B0AFA1 /* ViewController.swift */ = {isa = PBXFileReference; lastKnownFileType = sourcecode.swift; path = ViewController.swift; sourceTree = "<group>"; };
		23AD077B229F46FB00B0AFA1 /* Base */ = {isa = PBXFileReference; lastKnownFileType = file.storyboard; name = Base; path = Base.lproj/Main.storyboard; sourceTree = "<group>"; };
		23AD077D229F46FF00B0AFA1 /* Assets.xcassets */ = {isa = PBXFileReference; lastKnownFileType = folder.assetcatalog; path = Assets.xcassets; sourceTree = "<group>"; };
		23AD0780229F46FF00B0AFA1 /* Base */ = {isa = PBXFileReference; lastKnownFileType = file.storyboard; name = Base; path = Base.lproj/LaunchScreen.storyboard; sourceTree = "<group>"; };
		23AD0782229F46FF00B0AFA1 /* Info.plist */ = {isa = PBXFileReference; lastKnownFileType = text.plist.xml; path = Info.plist; sourceTree = "<group>"; };
		23AD078A229F494600B0AFA1 /* stars.jpg */ = {isa = PBXFileReference; lastKnownFileType = image.jpeg; path = stars.jpg; sourceTree = "<group>"; };
		23AD078D229F4C2500B0AFA1 /* star-wars.png */ = {isa = PBXFileReference; lastKnownFileType = image.png; path = "star-wars.png"; sourceTree = "<group>"; };
		23AD078F229F5E9400B0AFA1 /* KeyboardUtil.swift */ = {isa = PBXFileReference; lastKnownFileType = sourcecode.swift; path = KeyboardUtil.swift; sourceTree = "<group>"; };
/* End PBXFileReference section */

/* Begin PBXFrameworksBuildPhase section */
		23AD0770229F46FB00B0AFA1 /* Frameworks */ = {
			isa = PBXFrameworksBuildPhase;
			buildActionMask = 2147483647;
			files = (
			);
			runOnlyForDeploymentPostprocessing = 0;
		};
/* End PBXFrameworksBuildPhase section */

/* Begin PBXGroup section */
		23AD076A229F46FB00B0AFA1 = {
			isa = PBXGroup;
			children = (
				23AD0775229F46FB00B0AFA1 /* Star Wars */,
				23AD0774229F46FB00B0AFA1 /* Products */,
				23AD078C229F49E300B0AFA1 /* src */,
			);
			sourceTree = "<group>";
		};
		23AD0774229F46FB00B0AFA1 /* Products */ = {
			isa = PBXGroup;
			children = (
				23AD0773229F46FB00B0AFA1 /* Star Wars.app */,
			);
			name = Products;
			sourceTree = "<group>";
		};
		23AD0775229F46FB00B0AFA1 /* Star Wars */ = {
			isa = PBXGroup;
			children = (
				23AD0791229F60F100B0AFA1 /* util */,
				23AD0776229F46FB00B0AFA1 /* AppDelegate.swift */,
				23AD0778229F46FB00B0AFA1 /* ViewController.swift */,
				23AD077A229F46FB00B0AFA1 /* Main.storyboard */,
				23AD077D229F46FF00B0AFA1 /* Assets.xcassets */,
				23AD077F229F46FF00B0AFA1 /* LaunchScreen.storyboard */,
				23AD0782229F46FF00B0AFA1 /* Info.plist */,
			);
			path = "Star Wars";
			sourceTree = "<group>";
		};
		23AD078C229F49E300B0AFA1 /* src */ = {
			isa = PBXGroup;
			children = (
				23AD078D229F4C2500B0AFA1 /* star-wars.png */,
				23AD078A229F494600B0AFA1 /* stars.jpg */,
			);
			path = src;
			sourceTree = "<group>";
		};
		23AD0791229F60F100B0AFA1 /* util */ = {
			isa = PBXGroup;
			children = (
				23AD078F229F5E9400B0AFA1 /* KeyboardUtil.swift */,
				2316124A229FFEAA00C3F48E /* Toast.swift */,
			);
			path = util;
			sourceTree = "<group>";
		};
/* End PBXGroup section */

/* Begin PBXNativeTarget section */
		23AD0772229F46FB00B0AFA1 /* Star Wars */ = {
			isa = PBXNativeTarget;
			buildConfigurationList = 23AD0785229F46FF00B0AFA1 /* Build configuration list for PBXNativeTarget "Star Wars" */;
			buildPhases = (
				23AD076F229F46FB00B0AFA1 /* Sources */,
				23AD0770229F46FB00B0AFA1 /* Frameworks */,
				23AD0771229F46FB00B0AFA1 /* Resources */,
			);
			buildRules = (
			);
			dependencies = (
			);
			name = "Star Wars";
			productName = "Star Wars";
			productReference = 23AD0773229F46FB00B0AFA1 /* Star Wars.app */;
			productType = "com.apple.product-type.application";
		};
/* End PBXNativeTarget section */

/* Begin PBXProject section */
		23AD076B229F46FB00B0AFA1 /* Project object */ = {
			isa = PBXProject;
			attributes = {
				LastSwiftUpdateCheck = 1020;
				LastUpgradeCheck = 1020;
				ORGANIZATIONNAME = "Victor Hugo Telles";
				TargetAttributes = {
					23AD0772229F46FB00B0AFA1 = {
						CreatedOnToolsVersion = 10.2.1;
					};
				};
			};
			buildConfigurationList = 23AD076E229F46FB00B0AFA1 /* Build configuration list for PBXProject "Star Wars" */;
			compatibilityVersion = "Xcode 9.3";
			developmentRegion = en;
			hasScannedForEncodings = 0;
			knownRegions = (
				en,
				Base,
			);
			mainGroup = 23AD076A229F46FB00B0AFA1;
			productRefGroup = 23AD0774229F46FB00B0AFA1 /* Products */;
			projectDirPath = "";
			projectRoot = "";
			targets = (
				23AD0772229F46FB00B0AFA1 /* Star Wars */,
			);
		};
/* End PBXProject section */

/* Begin PBXResourcesBuildPhase section */
		23AD0771229F46FB00B0AFA1 /* Resources */ = {
			isa = PBXResourcesBuildPhase;
			buildActionMask = 2147483647;
			files = (
				23AD0781229F46FF00B0AFA1 /* LaunchScreen.storyboard in Resources */,
				23AD077E229F46FF00B0AFA1 /* Assets.xcassets in Resources */,
				23AD078E229F4C2500B0AFA1 /* star-wars.png in Resources */,
				23AD077C229F46FB00B0AFA1 /* Main.storyboard in Resources */,
				23AD078B229F494600B0AFA1 /* stars.jpg in Resources */,
			);
			runOnlyForDeploymentPostprocessing = 0;
		};
/* End PBXResourcesBuildPhase section */

/* Begin PBXSourcesBuildPhase section */
		23AD076F229F46FB00B0AFA1 /* Sources */ = {
			isa = PBXSourcesBuildPhase;
			buildActionMask = 2147483647;
			files = (
				23AD0779229F46FB00B0AFA1 /* ViewController.swift in Sources */,
				2316124B229FFEAA00C3F48E /* Toast.swift in Sources */,
				23AD0777229F46FB00B0AFA1 /* AppDelegate.swift in Sources */,
				23AD0790229F5E9400B0AFA1 /* KeyboardUtil.swift in Sources */,
			);
			runOnlyForDeploymentPostprocessing = 0;
		};
/* End PBXSourcesBuildPhase section */

/* Begin PBXVariantGroup section */
		23AD077A229F46FB00B0AFA1 /* Main.storyboard */ = {
			isa = PBXVariantGroup;
			children = (
				23AD077B229F46FB00B0AFA1 /* Base */,
			);
			name = Main.storyboard;
			sourceTree = "<group>";
		};
		23AD077F229F46FF00B0AFA1 /* LaunchScreen.storyboard */ = {
			isa = PBXVariantGroup;
			children = (
				23AD0780229F46FF00B0AFA1 /* Base */,
			);
			name = LaunchScreen.storyboard;
			sourceTree = "<group>";
		};
/* End PBXVariantGroup section */

/* Begin XCBuildConfiguration section */
		23AD0783229F46FF00B0AFA1 /* Debug */ = {
			isa = XCBuildConfiguration;
			buildSettings = {
				ALWAYS_SEARCH_USER_PATHS = NO;
				CLANG_ANALYZER_NONNULL = YES;
				CLANG_ANALYZER_NUMBER_OBJECT_CONVERSION = YES_AGGRESSIVE;
				CLANG_CXX_LANGUAGE_STANDARD = "gnu++14";
				CLANG_CXX_LIBRARY = "libc++";
				CLANG_ENABLE_MODULES = YES;
				CLANG_ENABLE_OBJC_ARC = YES;
				CLANG_ENABLE_OBJC_WEAK = YES;
				CLANG_WARN_BLOCK_CAPTURE_AUTORELEASING = YES;
				CLANG_WARN_BOOL_CONVERSION = YES;
				CLANG_WARN_COMMA = YES;
				CLANG_WARN_CONSTANT_CONVERSION = YES;
				CLANG_WARN_DEPRECATED_OBJC_IMPLEMENTATIONS = YES;
				CLANG_WARN_DIRECT_OBJC_ISA_USAGE = YES_ERROR;
				CLANG_WARN_DOCUMENTATION_COMMENTS = YES;
				CLANG_WARN_EMPTY_BODY = YES;
				CLANG_WARN_ENUM_CONVERSION = YES;
				CLANG_WARN_INFINITE_RECURSION = YES;
				CLANG_WARN_INT_CONVERSION = YES;
				CLANG_WARN_NON_LITERAL_NULL_CONVERSION = YES;
				CLANG_WARN_OBJC_IMPLICIT_RETAIN_SELF = YES;
				CLANG_WARN_OBJC_LITERAL_CONVERSION = YES;
				CLANG_WARN_OBJC_ROOT_CLASS = YES_ERROR;
				CLANG_WARN_RANGE_LOOP_ANALYSIS = YES;
				CLANG_WARN_STRICT_PROTOTYPES = YES;
				CLANG_WARN_SUSPICIOUS_MOVE = YES;
				CLANG_WARN_UNGUARDED_AVAILABILITY = YES_AGGRESSIVE;
				CLANG_WARN_UNREACHABLE_CODE = YES;
				CLANG_WARN__DUPLICATE_METHOD_MATCH = YES;
				CODE_SIGN_IDENTITY = "iPhone Developer";
				COPY_PHASE_STRIP = NO;
				DEBUG_INFORMATION_FORMAT = dwarf;
				ENABLE_STRICT_OBJC_MSGSEND = YES;
				ENABLE_TESTABILITY = YES;
				GCC_C_LANGUAGE_STANDARD = gnu11;
				GCC_DYNAMIC_NO_PIC = NO;
				GCC_NO_COMMON_BLOCKS = YES;
				GCC_OPTIMIZATION_LEVEL = 0;
				GCC_PREPROCESSOR_DEFINITIONS = (
					"DEBUG=1",
					"$(inherited)",
				);
				GCC_WARN_64_TO_32_BIT_CONVERSION = YES;
				GCC_WARN_ABOUT_RETURN_TYPE = YES_ERROR;
				GCC_WARN_UNDECLARED_SELECTOR = YES;
				GCC_WARN_UNINITIALIZED_AUTOS = YES_AGGRESSIVE;
				GCC_WARN_UNUSED_FUNCTION = YES;
				GCC_WARN_UNUSED_VARIABLE = YES;
				IPHONEOS_DEPLOYMENT_TARGET = 12.2;
				MTL_ENABLE_DEBUG_INFO = INCLUDE_SOURCE;
				MTL_FAST_MATH = YES;
				ONLY_ACTIVE_ARCH = YES;
				SDKROOT = iphoneos;
				SWIFT_ACTIVE_COMPILATION_CONDITIONS = DEBUG;
				SWIFT_OPTIMIZATION_LEVEL = "-Onone";
			};
			name = Debug;
		};
		23AD0784229F46FF00B0AFA1 /* Release */ = {
			isa = XCBuildConfiguration;
			buildSettings = {
				ALWAYS_SEARCH_USER_PATHS = NO;
				CLANG_ANALYZER_NONNULL = YES;
				CLANG_ANALYZER_NUMBER_OBJECT_CONVERSION = YES_AGGRESSIVE;
				CLANG_CXX_LANGUAGE_STANDARD = "gnu++14";
				CLANG_CXX_LIBRARY = "libc++";
				CLANG_ENABLE_MODULES = YES;
				CLANG_ENABLE_OBJC_ARC = YES;
				CLANG_ENABLE_OBJC_WEAK = YES;
				CLANG_WARN_BLOCK_CAPTURE_AUTORELEASING = YES;
				CLANG_WARN_BOOL_CONVERSION = YES;
				CLANG_WARN_COMMA = YES;
				CLANG_WARN_CONSTANT_CONVERSION = YES;
				CLANG_WARN_DEPRECATED_OBJC_IMPLEMENTATIONS = YES;
				CLANG_WARN_DIRECT_OBJC_ISA_USAGE = YES_ERROR;
				CLANG_WARN_DOCUMENTATION_COMMENTS = YES;
				CLANG_WARN_EMPTY_BODY = YES;
				CLANG_WARN_ENUM_CONVERSION = YES;
				CLANG_WARN_INFINITE_RECURSION = YES;
				CLANG_WARN_INT_CONVERSION = YES;
				CLANG_WARN_NON_LITERAL_NULL_CONVERSION = YES;
				CLANG_WARN_OBJC_IMPLICIT_RETAIN_SELF = YES;
				CLANG_WARN_OBJC_LITERAL_CONVERSION = YES;
				CLANG_WARN_OBJC_ROOT_CLASS = YES_ERROR;
				CLANG_WARN_RANGE_LOOP_ANALYSIS = YES;
				CLANG_WARN_STRICT_PROTOTYPES = YES;
				CLANG_WARN_SUSPICIOUS_MOVE = YES;
				CLANG_WARN_UNGUARDED_AVAILABILITY = YES_AGGRESSIVE;
				CLANG_WARN_UNREACHABLE_CODE = YES;
				CLANG_WARN__DUPLICATE_METHOD_MATCH = YES;
				CODE_SIGN_IDENTITY = "iPhone Developer";
				COPY_PHASE_STRIP = NO;
				DEBUG_INFORMATION_FORMAT = "dwarf-with-dsym";
				ENABLE_NS_ASSERTIONS = NO;
				ENABLE_STRICT_OBJC_MSGSEND = YES;
				GCC_C_LANGUAGE_STANDARD = gnu11;
				GCC_NO_COMMON_BLOCKS = YES;
				GCC_WARN_64_TO_32_BIT_CONVERSION = YES;
				GCC_WARN_ABOUT_RETURN_TYPE = YES_ERROR;
				GCC_WARN_UNDECLARED_SELECTOR = YES;
				GCC_WARN_UNINITIALIZED_AUTOS = YES_AGGRESSIVE;
				GCC_WARN_UNUSED_FUNCTION = YES;
				GCC_WARN_UNUSED_VARIABLE = YES;
				IPHONEOS_DEPLOYMENT_TARGET = 12.2;
				MTL_ENABLE_DEBUG_INFO = NO;
				MTL_FAST_MATH = YES;
				SDKROOT = iphoneos;
				SWIFT_COMPILATION_MODE = wholemodule;
				SWIFT_OPTIMIZATION_LEVEL = "-O";
				VALIDATE_PRODUCT = YES;
			};
			name = Release;
		};
		23AD0786229F46FF00B0AFA1 /* Debug */ = {
			isa = XCBuildConfiguration;
			buildSettings = {
				ASSETCATALOG_COMPILER_APPICON_NAME = AppIcon;
				CODE_SIGN_STYLE = Automatic;
				DEVELOPMENT_TEAM = 9LSYV88F25;
				INFOPLIST_FILE = "Star Wars/Info.plist";
				LD_RUNPATH_SEARCH_PATHS = (
					"$(inherited)",
					"@executable_path/Frameworks",
				);
				PRODUCT_BUNDLE_IDENTIFIER = "com.tellesvh.Star-Wars";
				PRODUCT_NAME = "$(TARGET_NAME)";
				SWIFT_VERSION = 5.0;
				TARGETED_DEVICE_FAMILY = "1,2";
			};
			name = Debug;
		};
		23AD0787229F46FF00B0AFA1 /* Release */ = {
			isa = XCBuildConfiguration;
			buildSettings = {
				ASSETCATALOG_COMPILER_APPICON_NAME = AppIcon;
				CODE_SIGN_STYLE = Automatic;
				DEVELOPMENT_TEAM = 9LSYV88F25;
				INFOPLIST_FILE = "Star Wars/Info.plist";
				LD_RUNPATH_SEARCH_PATHS = (
					"$(inherited)",
					"@executable_path/Frameworks",
				);
				PRODUCT_BUNDLE_IDENTIFIER = "com.tellesvh.Star-Wars";
				PRODUCT_NAME = "$(TARGET_NAME)";
				SWIFT_VERSION = 5.0;
				TARGETED_DEVICE_FAMILY = "1,2";
			};
			name = Release;
		};
/* End XCBuildConfiguration section */

/* Begin XCConfigurationList section */
		23AD076E229F46FB00B0AFA1 /* Build configuration list for PBXProject "Star Wars" */ = {
			isa = XCConfigurationList;
			buildConfigurations = (
				23AD0783229F46FF00B0AFA1 /* Debug */,
				23AD0784229F46FF00B0AFA1 /* Release */,
			);
			defaultConfigurationIsVisible = 0;
			defaultConfigurationName = Release;
		};
		23AD0785229F46FF00B0AFA1 /* Build configuration list for PBXNativeTarget "Star Wars" */ = {
			isa = XCConfigurationList;
			buildConfigurations = (
				23AD0786229F46FF00B0AFA1 /* Debug */,
				23AD0787229F46FF00B0AFA1 /* Release */,
			);
			defaultConfigurationIsVisible = 0;
			defaultConfigurationName = Release;
		};
/* End XCConfigurationList section */
	};
	rootObject = 23AD076B229F46FB00B0AFA1 /* Project object */;
}
